
Microsoft Visual Studio Solution File, Format Version 12.00
# Visual Studio Version 16
VisualStudioVersion = 16.0.30717.126
MinimumVisualStudioVersion = 10.0.40219.1
Project("{8BC9CEB8-8B4A-11D0-8D11-00A0C91BC942}") = "compilation_errorCheck", "compilation_errorCheck\compilation_errorCheck.vcxproj", "{F5E1475E-EE95-4B27-AAA3-D8A1639EE4EC}"
EndProject
Global
	GlobalSection(SolutionConfigurationPlatforms) = preSolution
		Debug|x64 = Debug|x64
		Debug|x86 = Debug|x86
		Release|x64 = Release|x64
		Release|x86 = Release|x86
	EndGlobalSection
	GlobalSection(ProjectConfigurationPlatforms) = postSolution
		{F5E1475E-EE95-4B27-AAA3-D8A1639EE4EC}.Debug|x64.ActiveCfg = Debug|x64
		{F5E1475E-EE95-4B27-AAA3-D8A1639EE4EC}.Debug|x64.Build.0 = Debug|x64
		{F5E1475E-EE95-4B27-AAA3-D8A1639EE4EC}.Debug|x86.ActiveCfg = Debug|Win32
		{F5E1475E-EE95-4B27-AAA3-D8A1639EE4EC}.Debug|x86.Build.0 = Debug|Win32
		{F5E1475E-EE95-4B27-AAA3-D8A1639EE4EC}.Release|x64.ActiveCfg = Release|x64
		{F5E1475E-EE95-4B27-AAA3-D8A1639EE4EC}.Release|x64.Build.0 = Release|x64
		{F5E1475E-EE95-4B27-AAA3-D8A1639EE4EC}.Release|x86.ActiveCfg = Release|Win32
		{F5E1475E-EE95-4B27-AAA3-D8A1639EE4EC}.Release|x86.Build.0 = Release|Win32
	EndGlobalSection
	GlobalSection(SolutionProperties) = preSolution
		HideSolutionNode = FALSE
	EndGlobalSection
	GlobalSection(ExtensibilityGlobals) = postSolution
		SolutionGuid = {5C5C4AFB-C8C2-4789-9657-A8933B7B95FE}
	EndGlobalSection
EndGlobal
